
Microsoft Visual Studio Solution File, Format Version 12.00
# Visual Studio Version 17
VisualStudioVersion = 17.4.33205.214
MinimumVisualStudioVersion = 10.0.40219.1
Project("{FAE04EC0-301F-11D3-BF4B-00C04F79EFBC}") = "PracticeWith2DArray", "PracticeWith2DArray.csproj", "{AFB3355C-025C-4043-92FE-BF316E5ABF7B}"
EndProject
Global
	GlobalSection(SolutionConfigurationPlatforms) = preSolution
		Debug|Any CPU = Debug|Any CPU
		Release|Any CPU = Release|Any CPU
	EndGlobalSection
	GlobalSection(ProjectConfigurationPlatforms) = postSolution
		{AFB3355C-025C-4043-92FE-BF316E5ABF7B}.Debug|Any CPU.ActiveCfg = Debug|Any CPU
		{AFB3355C-025C-4043-92FE-BF316E5ABF7B}.Debug|Any CPU.Build.0 = Debug|Any CPU
		{AFB3355C-025C-4043-92FE-BF316E5ABF7B}.Release|Any CPU.ActiveCfg = Release|Any CPU
		{AFB3355C-025C-4043-92FE-BF316E5ABF7B}.Release|Any CPU.Build.0 = Release|Any CPU
	EndGlobalSection
	GlobalSection(SolutionProperties) = preSolution
		HideSolutionNode = FALSE
	EndGlobalSection
	GlobalSection(ExtensibilityGlobals) = postSolution
		SolutionGuid = {19FD1B75-F811-4E3B-8AFB-38240BE05EB2}
	EndGlobalSection
EndGlobal
